
Microsoft Visual Studio Solution File, Format Version 12.00
# Visual Studio Version 17
VisualStudioVersion = 17.4.33122.133
MinimumVisualStudioVersion = 10.0.40219.1
Project("{8BC9CEB8-8B4A-11D0-8D11-00A0C91BC942}") = "gator_db", "gator_db\gator_db.vcxproj", "{DE43B36E-EF8E-4D52-80CF-3B160624ADD9}"
EndProject
Project("{8BC9CEB8-8B4A-11D0-8D11-00A0C91BC942}") = "gator_db_cuda", "gator_db_cuda\gator_db_cuda.vcxproj", "{306A62FE-6725-4CA5-807D-5E671047F7F9}"
	ProjectSection(ProjectDependencies) = postProject
		{DE43B36E-EF8E-4D52-80CF-3B160624ADD9} = {DE43B36E-EF8E-4D52-80CF-3B160624ADD9}
	EndProjectSection
EndProject
Project("{8BC9CEB8-8B4A-11D0-8D11-00A0C91BC942}") = "DPCPPConsoleApplication1", "DPCPPConsoleApplication1\DPCPPConsoleApplication1.vcxproj", "{E0A2BFAA-42A2-4366-B797-B7E3494845BC}"
EndProject
Project("{8BC9CEB8-8B4A-11D0-8D11-00A0C91BC942}") = "gator_db_parallel", "gator_db_parallel\gator_db_parallel.vcxproj", "{D567B484-4AC8-4553-AD4A-88A31E4F4CC8}"
EndProject
Global
	GlobalSection(SolutionConfigurationPlatforms) = preSolution
		Debug|x64 = Debug|x64
		Debug|x86 = Debug|x86
		Release|x64 = Release|x64
		Release|x86 = Release|x86
	EndGlobalSection
	GlobalSection(ProjectConfigurationPlatforms) = postSolution
		{DE43B36E-EF8E-4D52-80CF-3B160624ADD9}.Debug|x64.ActiveCfg = Debug|x64
		{DE43B36E-EF8E-4D52-80CF-3B160624ADD9}.Debug|x64.Build.0 = Debug|x64
		{DE43B36E-EF8E-4D52-80CF-3B160624ADD9}.Debug|x86.ActiveCfg = Debug|Win32
		{DE43B36E-EF8E-4D52-80CF-3B160624ADD9}.Debug|x86.Build.0 = Debug|Win32
		{DE43B36E-EF8E-4D52-80CF-3B160624ADD9}.Release|x64.ActiveCfg = Release|x64
		{DE43B36E-EF8E-4D52-80CF-3B160624ADD9}.Release|x64.Build.0 = Release|x64
		{DE43B36E-EF8E-4D52-80CF-3B160624ADD9}.Release|x86.ActiveCfg = Release|Win32
		{DE43B36E-EF8E-4D52-80CF-3B160624ADD9}.Release|x86.Build.0 = Release|Win32
		{306A62FE-6725-4CA5-807D-5E671047F7F9}.Debug|x64.ActiveCfg = Debug|x64
		{306A62FE-6725-4CA5-807D-5E671047F7F9}.Debug|x64.Build.0 = Debug|x64
		{306A62FE-6725-4CA5-807D-5E671047F7F9}.Debug|x86.ActiveCfg = Debug|x64
		{306A62FE-6725-4CA5-807D-5E671047F7F9}.Debug|x86.Build.0 = Debug|x64
		{306A62FE-6725-4CA5-807D-5E671047F7F9}.Release|x64.ActiveCfg = Release|x64
		{306A62FE-6725-4CA5-807D-5E671047F7F9}.Release|x64.Build.0 = Release|x64
		{306A62FE-6725-4CA5-807D-5E671047F7F9}.Release|x86.ActiveCfg = Release|x64
		{306A62FE-6725-4CA5-807D-5E671047F7F9}.Release|x86.Build.0 = Release|x64
		{E0A2BFAA-42A2-4366-B797-B7E3494845BC}.Debug|x64.ActiveCfg = Debug|x64
		{E0A2BFAA-42A2-4366-B797-B7E3494845BC}.Debug|x64.Build.0 = Debug|x64
		{E0A2BFAA-42A2-4366-B797-B7E3494845BC}.Debug|x86.ActiveCfg = Debug|x64
		{E0A2BFAA-42A2-4366-B797-B7E3494845BC}.Debug|x86.Build.0 = Debug|x64
		{E0A2BFAA-42A2-4366-B797-B7E3494845BC}.Release|x64.ActiveCfg = Release|x64
		{E0A2BFAA-42A2-4366-B797-B7E3494845BC}.Release|x64.Build.0 = Release|x64
		{E0A2BFAA-42A2-4366-B797-B7E3494845BC}.Release|x86.ActiveCfg = Release|x64
		{E0A2BFAA-42A2-4366-B797-B7E3494845BC}.Release|x86.Build.0 = Release|x64
		{D567B484-4AC8-4553-AD4A-88A31E4F4CC8}.Debug|x64.ActiveCfg = Debug|x64
		{D567B484-4AC8-4553-AD4A-88A31E4F4CC8}.Debug|x64.Build.0 = Debug|x64
		{D567B484-4AC8-4553-AD4A-88A31E4F4CC8}.Debug|x86.ActiveCfg = Debug|x64
		{D567B484-4AC8-4553-AD4A-88A31E4F4CC8}.Debug|x86.Build.0 = Debug|x64
		{D567B484-4AC8-4553-AD4A-88A31E4F4CC8}.Release|x64.ActiveCfg = Release|x64
		{D567B484-4AC8-4553-AD4A-88A31E4F4CC8}.Release|x64.Build.0 = Release|x64
		{D567B484-4AC8-4553-AD4A-88A31E4F4CC8}.Release|x86.ActiveCfg = Release|x64
		{D567B484-4AC8-4553-AD4A-88A31E4F4CC8}.Release|x86.Build.0 = Release|x64
	EndGlobalSection
	GlobalSection(SolutionProperties) = preSolution
		HideSolutionNode = FALSE
	EndGlobalSection
	GlobalSection(ExtensibilityGlobals) = postSolution
		SolutionGuid = {CE93961F-CADE-4E04-85E9-4A56FABBF492}
	EndGlobalSection
EndGlobal
